
Microsoft Visual Studio Solution File, Format Version 12.00
# Visual Studio 2012
Project("{FAE04EC0-301F-11D3-BF4B-00C04F79EFBC}") = "LrcToSrt", "LrcToSrt\LrcToSrt.csproj", "{5DEBBE2E-114D-4E83-A27A-BF1827AEE1CA}"
EndProject
Global
	GlobalSection(SolutionConfigurationPlatforms) = preSolution
		Debug|Any CPU = Debug|Any CPU
		Release|Any CPU = Release|Any CPU
	EndGlobalSection
	GlobalSection(ProjectConfigurationPlatforms) = postSolution
		{5DEBBE2E-114D-4E83-A27A-BF1827AEE1CA}.Debug|Any CPU.ActiveCfg = Debug|Any CPU
		{5DEBBE2E-114D-4E83-A27A-BF1827AEE1CA}.Debug|Any CPU.Build.0 = Debug|Any CPU
		{5DEBBE2E-114D-4E83-A27A-BF1827AEE1CA}.Release|Any CPU.ActiveCfg = Release|Any CPU
		{5DEBBE2E-114D-4E83-A27A-BF1827AEE1CA}.Release|Any CPU.Build.0 = Release|Any CPU
	EndGlobalSection
	GlobalSection(SolutionProperties) = preSolution
		HideSolutionNode = FALSE
	EndGlobalSection
EndGlobal
